// !$*UTF8*$!
{
	archiveVersion = 1;
	classes = {
	};
	objectVersion = 46;
	objects = {

/* Begin PBXBuildFile section */
		1AC508121A5C44DC00BB377A /* SelectedTabBarController.m in Sources */ = {isa = PBXBuildFile; fileRef = 1AC508111A5C44DC00BB377A /* SelectedTabBarController.m */; };
		1AC9EAA11AC96D13002CF0E8 /* Common.m in Sources */ = {isa = PBXBuildFile; fileRef = 1AC9EAA01AC96D13002CF0E8 /* Common.m */; };
		5E80AA5C17AB84BC0036E6FC /* pro-30.png in Resources */ = {isa = PBXBuildFile; fileRef = 5E80AA5B17AB84BC0036E6FC /* pro-30.png */; };
		5E80AA5E17AB84E80036E6FC /* pro-40.png in Resources */ = {isa = PBXBuildFile; fileRef = 5E80AA5D17AB84E80036E6FC /* pro-40.png */; };
		5E80AA6017AB85290036E6FC /* star-30.png in Resources */ = {isa = PBXBuildFile; fileRef = 5E80AA5F17AB85290036E6FC /* star-30.png */; };
		5E80AA6417AB85E80036E6FC /* cal-30.png in Resources */ = {isa = PBXBuildFile; fileRef = 5E80AA6317AB85E80036E6FC /* cal-30.png */; };
		5E8B18AF17B0ECAF0054ED7E /* Goal.m in Sources */ = {isa = PBXBuildFile; fileRef = 5E8B18AE17B0ECAF0054ED7E /* Goal.m */; };
		5E8C61F617B36C3E0062C7FF /* 57.png in Resources */ = {isa = PBXBuildFile; fileRef = 5E8C61F417B36C3E0062C7FF /* 57.png */; };
		5E8C61F717B36C3E0062C7FF /* 114.png in Resources */ = {isa = PBXBuildFile; fileRef = 5E8C61F517B36C3E0062C7FF /* 114.png */; };
		5E8C620517B372D40062C7FF /* bulls_eye_30.png in Resources */ = {isa = PBXBuildFile; fileRef = 5E8C620417B372D40062C7FF /* bulls_eye_30.png */; };
		5E8C620B17B37D920062C7FF /* bulb-30.png in Resources */ = {isa = PBXBuildFile; fileRef = 5E8C620A17B37D920062C7FF /* bulb-30.png */; };
		5EAA998317AA447B008BC1C5 /* GoalTempViewController.m in Sources */ = {isa = PBXBuildFile; fileRef = 5EAA998217AA447B008BC1C5 /* GoalTempViewController.m */; };
		5EBD813217AA3006002D2B20 /* HomeTempViewController.m in Sources */ = {isa = PBXBuildFile; fileRef = 5EBD813117AA3006002D2B20 /* HomeTempViewController.m */; };
		6E5574941954FA5F0012E1BB /* 80.png in Resources */ = {isa = PBXBuildFile; fileRef = 6E5574931954FA5F0012E1BB /* 80.png */; };
		6E5574961954FA930012E1BB /* 58.png in Resources */ = {isa = PBXBuildFile; fileRef = 6E5574951954FA930012E1BB /* 58.png */; };
		6E5574981954FACB0012E1BB /* Images.xcassets in Resources */ = {isa = PBXBuildFile; fileRef = 6E5574971954FACB0012E1BB /* Images.xcassets */; };
		6E55749C1954FCB80012E1BB /* splash-640x1136.png in Resources */ = {isa = PBXBuildFile; fileRef = 6E55749B1954FCB80012E1BB /* splash-640x1136.png */; };
		6E55749E1954FCEC0012E1BB /* splash-640x960.png in Resources */ = {isa = PBXBuildFile; fileRef = 6E55749D1954FCEB0012E1BB /* splash-640x960.png */; };
		6E5574A01954FEA60012E1BB /* Default-568h@2x.png in Resources */ = {isa = PBXBuildFile; fileRef = 6E55749F1954FEA60012E1BB /* Default-568h@2x.png */; };
		6EAD1B9719CF50C0005A8663 /* CloudKit.framework in Frameworks */ = {isa = PBXBuildFile; fileRef = 6EAD1B9619CF50C0005A8663 /* CloudKit.framework */; settings = {ATTRIBUTES = (Weak, ); }; };
		8205AD091992B27F00981C7E /* MBProgressHUD.m in Sources */ = {isa = PBXBuildFile; fileRef = 8205AD081992B27F00981C7E /* MBProgressHUD.m */; };
		82420891198EC90C00943C32 /* CoreDataImporter.m in Sources */ = {isa = PBXBuildFile; fileRef = 82420890198EC90C00943C32 /* CoreDataImporter.m */; };
		82756A06198EB6640088C272 /* Deduplicator.m in Sources */ = {isa = PBXBuildFile; fileRef = 82756A04198EB6640088C272 /* Deduplicator.m */; };
		82756A09198EB75E0088C272 /* Faulter.m in Sources */ = {isa = PBXBuildFile; fileRef = 82756A08198EB75E0088C272 /* Faulter.m */; };
		A9007E5516FC5D9B00B20701 /* RoleViewController.m in Sources */ = {isa = PBXBuildFile; fileRef = A9007E5416FC5D9B00B20701 /* RoleViewController.m */; };
		A90E68B7189FEE6A00404D29 /* 120.png in Resources */ = {isa = PBXBuildFile; fileRef = A90E68B6189FEE6A00404D29 /* 120.png */; };
		A91F9DDA16FC2D2A005160AB /* lifebalancer.xcdatamodeld in Sources */ = {isa = PBXBuildFile; fileRef = A91F9DD816FC2D2A005160AB /* lifebalancer.xcdatamodeld */; };
		A91F9DDD16FC2FBC005160AB /* Mission.m in Sources */ = {isa = PBXBuildFile; fileRef = A91F9DDC16FC2FBC005160AB /* Mission.m */; };
		A91F9DDF16FC374F005160AB /* CoreData.framework in Frameworks */ = {isa = PBXBuildFile; fileRef = A91F9DDE16FC374F005160AB /* CoreData.framework */; };
		A91F9DE116FC4073005160AB /* lifebalancer.sqlite in Resources */ = {isa = PBXBuildFile; fileRef = A91F9DE016FC4073005160AB /* lifebalancer.sqlite */; };
		A933631D170990C600305F73 /* QuartzCore.framework in Frameworks */ = {isa = PBXBuildFile; fileRef = A933631C170990C600305F73 /* QuartzCore.framework */; };
		A936C9E4170315CD0080890F /* RoleDetailViewController.m in Sources */ = {isa = PBXBuildFile; fileRef = A936C9E3170315CD0080890F /* RoleDetailViewController.m */; };
		A94A7D061704282500B3F414 /* GoalViewController.m in Sources */ = {isa = PBXBuildFile; fileRef = A94A7D051704282500B3F414 /* GoalViewController.m */; };
		A94A7D0917044DD000B3F414 /* GoalDetailViewController.m in Sources */ = {isa = PBXBuildFile; fileRef = A94A7D0817044DD000B3F414 /* GoalDetailViewController.m */; };
		A95C3AFE16FAD39600206D0C /* MissionViewController.m in Sources */ = {isa = PBXBuildFile; fileRef = A95C3AFD16FAD39600206D0C /* MissionViewController.m */; };
		A95C3B0116FAD3D800206D0C /* HomeViewController.m in Sources */ = {isa = PBXBuildFile; fileRef = A95C3B0016FAD3D800206D0C /* HomeViewController.m */; };
		A966D66016F994A600ABE6C3 /* UIKit.framework in Frameworks */ = {isa = PBXBuildFile; fileRef = A966D65F16F994A600ABE6C3 /* UIKit.framework */; };
		A966D66216F994A600ABE6C3 /* Foundation.framework in Frameworks */ = {isa = PBXBuildFile; fileRef = A966D66116F994A600ABE6C3 /* Foundation.framework */; };
		A966D66416F994A600ABE6C3 /* CoreGraphics.framework in Frameworks */ = {isa = PBXBuildFile; fileRef = A966D66316F994A600ABE6C3 /* CoreGraphics.framework */; };
		A966D66A16F994A600ABE6C3 /* InfoPlist.strings in Resources */ = {isa = PBXBuildFile; fileRef = A966D66816F994A600ABE6C3 /* InfoPlist.strings */; };
		A966D66C16F994A600ABE6C3 /* main.m in Sources */ = {isa = PBXBuildFile; fileRef = A966D66B16F994A600ABE6C3 /* main.m */; };
		A966D67016F994A600ABE6C3 /* AppDelegate.m in Sources */ = {isa = PBXBuildFile; fileRef = A966D66F16F994A600ABE6C3 /* AppDelegate.m */; };
		A966D67216F994A600ABE6C3 /* Default.png in Resources */ = {isa = PBXBuildFile; fileRef = A966D67116F994A600ABE6C3 /* Default.png */; };
		A966D67416F994A600ABE6C3 /* Default@2x.png in Resources */ = {isa = PBXBuildFile; fileRef = A966D67316F994A600ABE6C3 /* Default@2x.png */; };
		A966D67916F994A600ABE6C3 /* MainStoryboard.storyboard in Resources */ = {isa = PBXBuildFile; fileRef = A966D67716F994A600ABE6C3 /* MainStoryboard.storyboard */; };
		A983F8F917005C9B009E8E3B /* DataAdapter.m in Sources */ = {isa = PBXBuildFile; fileRef = A983F8F817005C9B009E8E3B /* DataAdapter.m */; };
		A9BDB39817055A9E0008E2D2 /* Role+Cutomable.m in Sources */ = {isa = PBXBuildFile; fileRef = A9BDB39717055A9E0008E2D2 /* Role+Cutomable.m */; };
		B17330A81A121E9600DFD0F7 /* CCustomButton.m in Sources */ = {isa = PBXBuildFile; fileRef = B17330A71A121E9600DFD0F7 /* CCustomButton.m */; };
		B17330AB1A12912700DFD0F7 /* UTTableViewCell.m in Sources */ = {isa = PBXBuildFile; fileRef = B17330AA1A12912700DFD0F7 /* UTTableViewCell.m */; };
		B1B0C59D1A0FF3D8006194F7 /* customtextfield.m in Sources */ = {isa = PBXBuildFile; fileRef = B1B0C59C1A0FF3D8006194F7 /* customtextfield.m */; };
		CFE63B6A1A252CFE00764F97 /* NSMutableArray+SWUtilityButtons.m in Sources */ = {isa = PBXBuildFile; fileRef = CFE63B531A252CFE00764F97 /* NSMutableArray+SWUtilityButtons.m */; };
		CFE63B6B1A252CFE00764F97 /* SWCellScrollView.m in Sources */ = {isa = PBXBuildFile; fileRef = CFE63B551A252CFE00764F97 /* SWCellScrollView.m */; };
		CFE63B6C1A252CFE00764F97 /* SWLongPressGestureRecognizer.m in Sources */ = {isa = PBXBuildFile; fileRef = CFE63B571A252CFE00764F97 /* SWLongPressGestureRecognizer.m */; };
		CFE63B6D1A252CFE00764F97 /* SWTableViewCell.m in Sources */ = {isa = PBXBuildFile; fileRef = CFE63B591A252CFE00764F97 /* SWTableViewCell.m */; };
		CFE63B6E1A252CFE00764F97 /* SWUtilityButtonTapGestureRecognizer.m in Sources */ = {isa = PBXBuildFile; fileRef = CFE63B5B1A252CFE00764F97 /* SWUtilityButtonTapGestureRecognizer.m */; };
		CFE63B6F1A252CFE00764F97 /* SWUtilityButtonView.m in Sources */ = {isa = PBXBuildFile; fileRef = CFE63B5D1A252CFE00764F97 /* SWUtilityButtonView.m */; };
		CFE63B701A252CFE00764F97 /* QRadioButton.m in Sources */ = {isa = PBXBuildFile; fileRef = CFE63B601A252CFE00764F97 /* QRadioButton.m */; };
		CFE63B711A252CFE00764F97 /* radio_checked.png in Resources */ = {isa = PBXBuildFile; fileRef = CFE63B611A252CFE00764F97 /* radio_checked.png */; };
		CFE63B721A252CFE00764F97 /* radio_checked@2x.png in Resources */ = {isa = PBXBuildFile; fileRef = CFE63B621A252CFE00764F97 /* radio_checked@2x.png */; };
		CFE63B731A252CFE00764F97 /* radio_unchecked.png in Resources */ = {isa = PBXBuildFile; fileRef = CFE63B631A252CFE00764F97 /* radio_unchecked.png */; };
		CFE63B741A252CFE00764F97 /* radio_unchecked@2x.png in Resources */ = {isa = PBXBuildFile; fileRef = CFE63B641A252CFE00764F97 /* radio_unchecked@2x.png */; };
		CFE63B751A252CFE00764F97 /* radio_checked@2x.psd in Resources */ = {isa = PBXBuildFile; fileRef = CFE63B651A252CFE00764F97 /* radio_checked@2x.psd */; };
		CFE63B761A252CFE00764F97 /* SwipeableCellTableViewCell.m in Sources */ = {isa = PBXBuildFile; fileRef = CFE63B671A252CFE00764F97 /* SwipeableCellTableViewCell.m */; };
		CFE63B771A252CFE00764F97 /* UMTableViewCell.m in Sources */ = {isa = PBXBuildFile; fileRef = CFE63B691A252CFE00764F97 /* UMTableViewCell.m */; };
		EC1B44DF17155C0F00677C18 /* UIActionSheet+BlockExtensions.m in Sources */ = {isa = PBXBuildFile; fileRef = EC1B44DC17155C0F00677C18 /* UIActionSheet+BlockExtensions.m */; };
		EC1B44E017155C0F00677C18 /* UIAlertView+BlockExtensions.m in Sources */ = {isa = PBXBuildFile; fileRef = EC1B44DE17155C0F00677C18 /* UIAlertView+BlockExtensions.m */; };
		EC9966001716FFC5007DCFEC /* EventKitUI.framework in Frameworks */ = {isa = PBXBuildFile; fileRef = EC9965FF1716FFC5007DCFEC /* EventKitUI.framework */; };
		ECB71485170AAC4700ED52A1 /* WeeklyPlaningViewController.m in Sources */ = {isa = PBXBuildFile; fileRef = ECB71484170AAC4700ED52A1 /* WeeklyPlaningViewController.m */; };
		ECCF3835170D35BD002D7F37 /* SchedulePrioritiesViewController.m in Sources */ = {isa = PBXBuildFile; fileRef = ECCF3834170D35BD002D7F37 /* SchedulePrioritiesViewController.m */; };
		ECD7B834170E976300044351 /* EventKit.framework in Frameworks */ = {isa = PBXBuildFile; fileRef = ECD7B833170E976300044351 /* EventKit.framework */; };
		ECF3E9A8171942E1007A23F3 /* Role.m in Sources */ = {isa = PBXBuildFile; fileRef = ECF3E9A7171942E1007A23F3 /* Role.m */; };
		ECF3E9AE1719449B007A23F3 /* SetPrioritiesViewController.m in Sources */ = {isa = PBXBuildFile; fileRef = ECF3E9AD1719449B007A23F3 /* SetPrioritiesViewController.m */; };
		ECF3E9B117195B7A007A23F3 /* SetPrioritiesDetailViewController.m in Sources */ = {isa = PBXBuildFile; fileRef = ECF3E9B017195B79007A23F3 /* SetPrioritiesDetailViewController.m */; };
		ECF3E9B41719723A007A23F3 /* Task.m in Sources */ = {isa = PBXBuildFile; fileRef = ECF3E9B31719723A007A23F3 /* Task.m */; };
/* End PBXBuildFile section */

/* Begin PBXFileReference section */
		1AB14B9A1ABC814200E1E575 /* lifebalancer 3.xcdatamodel */ = {isa = PBXFileReference; lastKnownFileType = wrapper.xcdatamodel; path = "lifebalancer 3.xcdatamodel"; sourceTree = "<group>"; };
		1AC508101A5C44DC00BB377A /* SelectedTabBarController.h */ = {isa = PBXFileReference; fileEncoding = 4; lastKnownFileType = sourcecode.c.h; path = SelectedTabBarController.h; sourceTree = "<group>"; };
		1AC508111A5C44DC00BB377A /* SelectedTabBarController.m */ = {isa = PBXFileReference; fileEncoding = 4; lastKnownFileType = sourcecode.c.objc; path = SelectedTabBarController.m; sourceTree = "<group>"; };
		1AC9EA9F1AC96D13002CF0E8 /* Common.h */ = {isa = PBXFileReference; fileEncoding = 4; lastKnownFileType = sourcecode.c.h; path = Common.h; sourceTree = "<group>"; };
		1AC9EAA01AC96D13002CF0E8 /* Common.m */ = {isa = PBXFileReference; fileEncoding = 4; lastKnownFileType = sourcecode.c.objc; path = Common.m; sourceTree = "<group>"; };
		5E80AA5B17AB84BC0036E6FC /* pro-30.png */ = {isa = PBXFileReference; lastKnownFileType = image.png; path = "pro-30.png"; sourceTree = "<group>"; };
		5E80AA5D17AB84E80036E6FC /* pro-40.png */ = {isa = PBXFileReference; lastKnownFileType = image.png; path = "pro-40.png"; sourceTree = "<group>"; };
		5E80AA5F17AB85290036E6FC /* star-30.png */ = {isa = PBXFileReference; lastKnownFileType = image.png; path = "star-30.png"; sourceTree = "<group>"; };
		5E80AA6317AB85E80036E6FC /* cal-30.png */ = {isa = PBXFileReference; lastKnownFileType = image.png; path = "cal-30.png"; sourceTree = "<group>"; };
		5E8B18AD17B0ECAF0054ED7E /* Goal.h */ = {isa = PBXFileReference; fileEncoding = 4; lastKnownFileType = sourcecode.c.h; path = Goal.h; sourceTree = "<group>"; };
		5E8B18AE17B0ECAF0054ED7E /* Goal.m */ = {isa = PBXFileReference; fileEncoding = 4; lastKnownFileType = sourcecode.c.objc; path = Goal.m; sourceTree = "<group>"; };
		5E8B18B017B0EE7B0054ED7E /* lifebalancer 2.xcdatamodel */ = {isa = PBXFileReference; lastKnownFileType = wrapper.xcdatamodel; path = "lifebalancer 2.xcdatamodel"; sourceTree = "<group>"; };
		5E8C61F417B36C3E0062C7FF /* 57.png */ = {isa = PBXFileReference; lastKnownFileType = image.png; path = 57.png; sourceTree = "<group>"; };
		5E8C61F517B36C3E0062C7FF /* 114.png */ = {isa = PBXFileReference; lastKnownFileType = image.png; path = 114.png; sourceTree = "<group>"; };
		5E8C620417B372D40062C7FF /* bulls_eye_30.png */ = {isa = PBXFileReference; lastKnownFileType = image.png; path = bulls_eye_30.png; sourceTree = "<group>"; };
		5E8C620A17B37D920062C7FF /* bulb-30.png */ = {isa = PBXFileReference; lastKnownFileType = image.png; path = "bulb-30.png"; sourceTree = "<group>"; };
		5EAA998117AA447A008BC1C5 /* GoalTempViewController.h */ = {isa = PBXFileReference; fileEncoding = 4; lastKnownFileType = sourcecode.c.h; path = GoalTempViewController.h; sourceTree = "<group>"; };
		5EAA998217AA447B008BC1C5 /* GoalTempViewController.m */ = {isa = PBXFileReference; fileEncoding = 4; lastKnownFileType = sourcecode.c.objc; path = GoalTempViewController.m; sourceTree = "<group>"; };
		5EBD813017AA3006002D2B20 /* HomeTempViewController.h */ = {isa = PBXFileReference; fileEncoding = 4; lastKnownFileType = sourcecode.c.h; path = HomeTempViewController.h; sourceTree = "<group>"; };
		5EBD813117AA3006002D2B20 /* HomeTempViewController.m */ = {isa = PBXFileReference; fileEncoding = 4; lastKnownFileType = sourcecode.c.objc; path = HomeTempViewController.m; sourceTree = "<group>"; };
		6E5574931954FA5F0012E1BB /* 80.png */ = {isa = PBXFileReference; lastKnownFileType = image.png; path = 80.png; sourceTree = "<group>"; };
		6E5574951954FA930012E1BB /* 58.png */ = {isa = PBXFileReference; lastKnownFileType = image.png; path = 58.png; sourceTree = "<group>"; };
		6E5574971954FACB0012E1BB /* Images.xcassets */ = {isa = PBXFileReference; lastKnownFileType = folder.assetcatalog; path = Images.xcassets; sourceTree = "<group>"; };
		6E55749B1954FCB80012E1BB /* splash-640x1136.png */ = {isa = PBXFileReference; lastKnownFileType = image.png; path = "splash-640x1136.png"; sourceTree = "<group>"; };
		6E55749D1954FCEB0012E1BB /* splash-640x960.png */ = {isa = PBXFileReference; lastKnownFileType = image.png; path = "splash-640x960.png"; sourceTree = "<group>"; };
		6E55749F1954FEA60012E1BB /* Default-568h@2x.png */ = {isa = PBXFileReference; lastKnownFileType = image.png; path = "Default-568h@2x.png"; sourceTree = "<group>"; };
		6EAD1B9619CF50C0005A8663 /* CloudKit.framework */ = {isa = PBXFileReference; lastKnownFileType = wrapper.framework; name = CloudKit.framework; path = System/Library/Frameworks/CloudKit.framework; sourceTree = SDKROOT; };
		8205AD071992B27F00981C7E /* MBProgressHUD.h */ = {isa = PBXFileReference; fileEncoding = 4; lastKnownFileType = sourcecode.c.h; name = MBProgressHUD.h; path = Loader/MBProgressHUD.h; sourceTree = "<group>"; };
		8205AD081992B27F00981C7E /* MBProgressHUD.m */ = {isa = PBXFileReference; fileEncoding = 4; lastKnownFileType = sourcecode.c.objc; name = MBProgressHUD.m; path = Loader/MBProgressHUD.m; sourceTree = "<group>"; };
		8242088F198EC90C00943C32 /* CoreDataImporter.h */ = {isa = PBXFileReference; fileEncoding = 4; lastKnownFileType = sourcecode.c.h; path = CoreDataImporter.h; sourceTree = "<group>"; };
		82420890198EC90C00943C32 /* CoreDataImporter.m */ = {isa = PBXFileReference; fileEncoding = 4; lastKnownFileType = sourcecode.c.objc; path = CoreDataImporter.m; sourceTree = "<group>"; };
		82756A04198EB6640088C272 /* Deduplicator.m */ = {isa = PBXFileReference; fileEncoding = 4; lastKnownFileType = sourcecode.c.objc; path = Deduplicator.m; sourceTree = "<group>"; };
		82756A05198EB6640088C272 /* Deduplicator.h */ = {isa = PBXFileReference; fileEncoding = 4; lastKnownFileType = sourcecode.c.h; path = Deduplicator.h; sourceTree = "<group>"; };
		82756A07198EB75E0088C272 /* Faulter.h */ = {isa = PBXFileReference; fileEncoding = 4; lastKnownFileType = sourcecode.c.h; path = Faulter.h; sourceTree = "<group>"; };
		82756A08198EB75E0088C272 /* Faulter.m */ = {isa = PBXFileReference; fileEncoding = 4; lastKnownFileType = sourcecode.c.objc; path = Faulter.m; sourceTree = "<group>"; };
		828F07C9198524D800267D48 /* LifeBalancer.entitlements */ = {isa = PBXFileReference; lastKnownFileType = text.xml; path = LifeBalancer.entitlements; sourceTree = "<group>"; };
		A9007E5316FC5D9B00B20701 /* RoleViewController.h */ = {isa = PBXFileReference; fileEncoding = 4; lastKnownFileType = sourcecode.c.h; path = RoleViewController.h; sourceTree = "<group>"; };
		A9007E5416FC5D9B00B20701 /* RoleViewController.m */ = {isa = PBXFileReference; fileEncoding = 4; lastKnownFileType = sourcecode.c.objc; path = RoleViewController.m; sourceTree = "<group>"; };
		A90E68B6189FEE6A00404D29 /* 120.png */ = {isa = PBXFileReference; lastKnownFileType = image.png; path = 120.png; sourceTree = "<group>"; };
		A91F9DD916FC2D2A005160AB /* lifebalancer.xcdatamodel */ = {isa = PBXFileReference; lastKnownFileType = wrapper.xcdatamodel; path = lifebalancer.xcdatamodel; sourceTree = "<group>"; };
		A91F9DDB16FC2FBC005160AB /* Mission.h */ = {isa = PBXFileReference; fileEncoding = 4; lastKnownFileType = sourcecode.c.h; path = Mission.h; sourceTree = "<group>"; };
		A91F9DDC16FC2FBC005160AB /* Mission.m */ = {isa = PBXFileReference; fileEncoding = 4; lastKnownFileType = sourcecode.c.objc; path = Mission.m; sourceTree = "<group>"; };
		A91F9DDE16FC374F005160AB /* CoreData.framework */ = {isa = PBXFileReference; lastKnownFileType = wrapper.framework; name = CoreData.framework; path = System/Library/Frameworks/CoreData.framework; sourceTree = SDKROOT; };
		A91F9DE016FC4073005160AB /* lifebalancer.sqlite */ = {isa = PBXFileReference; fileEncoding = 4; lastKnownFileType = text; path = lifebalancer.sqlite; sourceTree = "<group>"; };
		A933631C170990C600305F73 /* QuartzCore.framework */ = {isa = PBXFileReference; lastKnownFileType = wrapper.framework; name = QuartzCore.framework; path = System/Library/Frameworks/QuartzCore.framework; sourceTree = SDKROOT; };
		A936C9E2170315CD0080890F /* RoleDetailViewController.h */ = {isa = PBXFileReference; fileEncoding = 4; lastKnownFileType = sourcecode.c.h; path = RoleDetailViewController.h; sourceTree = "<group>"; };
		A936C9E3170315CD0080890F /* RoleDetailViewController.m */ = {isa = PBXFileReference; fileEncoding = 4; lastKnownFileType = sourcecode.c.objc; path = RoleDetailViewController.m; sourceTree = "<group>"; };
		A94A7D041704282500B3F414 /* GoalViewController.h */ = {isa = PBXFileReference; fileEncoding = 4; lastKnownFileType = sourcecode.c.h; path = GoalViewController.h; sourceTree = "<group>"; };
		A94A7D051704282500B3F414 /* GoalViewController.m */ = {isa = PBXFileReference; fileEncoding = 4; lastKnownFileType = sourcecode.c.objc; path = GoalViewController.m; sourceTree = "<group>"; };
		A94A7D0717044DD000B3F414 /* GoalDetailViewController.h */ = {isa = PBXFileReference; fileEncoding = 4; lastKnownFileType = sourcecode.c.h; path = GoalDetailViewController.h; sourceTree = "<group>"; };
		A94A7D0817044DD000B3F414 /* GoalDetailViewController.m */ = {isa = PBXFileReference; fileEncoding = 4; lastKnownFileType = sourcecode.c.objc; path = GoalDetailViewController.m; sourceTree = "<group>"; };
		A95C3AFC16FAD39600206D0C /* MissionViewController.h */ = {isa = PBXFileReference; fileEncoding = 4; lastKnownFileType = sourcecode.c.h; path = MissionViewController.h; sourceTree = "<group>"; };
		A95C3AFD16FAD39600206D0C /* MissionViewController.m */ = {isa = PBXFileReference; fileEncoding = 4; lastKnownFileType = sourcecode.c.objc; path = MissionViewController.m; sourceTree = "<group>"; };
		A95C3AFF16FAD3D800206D0C /* HomeViewController.h */ = {isa = PBXFileReference; fileEncoding = 4; lastKnownFileType = sourcecode.c.h; path = HomeViewController.h; sourceTree = "<group>"; };
		A95C3B0016FAD3D800206D0C /* HomeViewController.m */ = {isa = PBXFileReference; fileEncoding = 4; lastKnownFileType = sourcecode.c.objc; path = HomeViewController.m; sourceTree = "<group>"; };
		A966D65C16F994A600ABE6C3 /* LifeBalancer.app */ = {isa = PBXFileReference; explicitFileType = wrapper.application; includeInIndex = 0; path = LifeBalancer.app; sourceTree = BUILT_PRODUCTS_DIR; };
		A966D65F16F994A600ABE6C3 /* UIKit.framework */ = {isa = PBXFileReference; lastKnownFileType = wrapper.framework; name = UIKit.framework; path = System/Library/Frameworks/UIKit.framework; sourceTree = SDKROOT; };
		A966D66116F994A600ABE6C3 /* Foundation.framework */ = {isa = PBXFileReference; lastKnownFileType = wrapper.framework; name = Foundation.framework; path = System/Library/Frameworks/Foundation.framework; sourceTree = SDKROOT; };
		A966D66316F994A600ABE6C3 /* CoreGraphics.framework */ = {isa = PBXFileReference; lastKnownFileType = wrapper.framework; name = CoreGraphics.framework; path = System/Library/Frameworks/CoreGraphics.framework; sourceTree = SDKROOT; };
		A966D66716F994A600ABE6C3 /* LifeBalancer-Info.plist */ = {isa = PBXFileReference; lastKnownFileType = text.plist.xml; path = "LifeBalancer-Info.plist"; sourceTree = "<group>"; };
		A966D66916F994A600ABE6C3 /* en */ = {isa = PBXFileReference; lastKnownFileType = text.plist.strings; name = en; path = en.lproj/InfoPlist.strings; sourceTree = "<group>"; };
		A966D66B16F994A600ABE6C3 /* main.m */ = {isa = PBXFileReference; lastKnownFileType = sourcecode.c.objc; path = main.m; sourceTree = "<group>"; };
		A966D66D16F994A600ABE6C3 /* LifeBalancer-Prefix.pch */ = {isa = PBXFileReference; lastKnownFileType = sourcecode.c.h; path = "LifeBalancer-Prefix.pch"; sourceTree = "<group>"; };
		A966D66E16F994A600ABE6C3 /* AppDelegate.h */ = {isa = PBXFileReference; lastKnownFileType = sourcecode.c.h; path = AppDelegate.h; sourceTree = "<group>"; };
		A966D66F16F994A600ABE6C3 /* AppDelegate.m */ = {isa = PBXFileReference; lastKnownFileType = sourcecode.c.objc; path = AppDelegate.m; sourceTree = "<group>"; };
		A966D67116F994A600ABE6C3 /* Default.png */ = {isa = PBXFileReference; lastKnownFileType = image.png; path = Default.png; sourceTree = "<group>"; };
		A966D67316F994A600ABE6C3 /* Default@2x.png */ = {isa = PBXFileReference; lastKnownFileType = image.png; path = "Default@2x.png"; sourceTree = "<group>"; };
		A966D67516F994A600ABE6C3 /* Default-568h@2x.png */ = {isa = PBXFileReference; lastKnownFileType = image.png; path = "Default-568h@2x.png"; sourceTree = "<group>"; };
		A966D67816F994A600ABE6C3 /* en */ = {isa = PBXFileReference; lastKnownFileType = file.storyboard; name = en; path = en.lproj/MainStoryboard.storyboard; sourceTree = "<group>"; };
		A983F8F717005C9B009E8E3B /* DataAdapter.h */ = {isa = PBXFileReference; fileEncoding = 4; lastKnownFileType = sourcecode.c.h; path = DataAdapter.h; sourceTree = "<group>"; };
		A983F8F817005C9B009E8E3B /* DataAdapter.m */ = {isa = PBXFileReference; fileEncoding = 4; lastKnownFileType = sourcecode.c.objc; path = DataAdapter.m; sourceTree = "<group>"; };
		A9BDB39617055A9E0008E2D2 /* Role+Cutomable.h */ = {isa = PBXFileReference; fileEncoding = 4; lastKnownFileType = sourcecode.c.h; path = "Role+Cutomable.h"; sourceTree = "<group>"; };
		A9BDB39717055A9E0008E2D2 /* Role+Cutomable.m */ = {isa = PBXFileReference; fileEncoding = 4; lastKnownFileType = sourcecode.c.objc; path = "Role+Cutomable.m"; sourceTree = "<group>"; };
		B17330A61A121E9600DFD0F7 /* CCustomButton.h */ = {isa = PBXFileReference; fileEncoding = 4; lastKnownFileType = sourcecode.c.h; path = CCustomButton.h; sourceTree = "<group>"; };
		B17330A71A121E9600DFD0F7 /* CCustomButton.m */ = {isa = PBXFileReference; fileEncoding = 4; lastKnownFileType = sourcecode.c.objc; path = CCustomButton.m; sourceTree = "<group>"; };
		B17330A91A12912700DFD0F7 /* UTTableViewCell.h */ = {isa = PBXFileReference; fileEncoding = 4; lastKnownFileType = sourcecode.c.h; path = UTTableViewCell.h; sourceTree = "<group>"; };
		B17330AA1A12912700DFD0F7 /* UTTableViewCell.m */ = {isa = PBXFileReference; fileEncoding = 4; lastKnownFileType = sourcecode.c.objc; path = UTTableViewCell.m; sourceTree = "<group>"; };
		B1B0C59B1A0FF3D8006194F7 /* customtextfield.h */ = {isa = PBXFileReference; fileEncoding = 4; lastKnownFileType = sourcecode.c.h; path = customtextfield.h; sourceTree = "<group>"; };
		B1B0C59C1A0FF3D8006194F7 /* customtextfield.m */ = {isa = PBXFileReference; fileEncoding = 4; lastKnownFileType = sourcecode.c.objc; path = customtextfield.m; sourceTree = "<group>"; };
		CFE63B521A252CFE00764F97 /* NSMutableArray+SWUtilityButtons.h */ = {isa = PBXFileReference; fileEncoding = 4; lastKnownFileType = sourcecode.c.h; path = "NSMutableArray+SWUtilityButtons.h"; sourceTree = "<group>"; };
		CFE63B531A252CFE00764F97 /* NSMutableArray+SWUtilityButtons.m */ = {isa = PBXFileReference; fileEncoding = 4; lastKnownFileType = sourcecode.c.objc; path = "NSMutableArray+SWUtilityButtons.m"; sourceTree = "<group>"; };
		CFE63B541A252CFE00764F97 /* SWCellScrollView.h */ = {isa = PBXFileReference; fileEncoding = 4; lastKnownFileType = sourcecode.c.h; path = SWCellScrollView.h; sourceTree = "<group>"; };
		CFE63B551A252CFE00764F97 /* SWCellScrollView.m */ = {isa = PBXFileReference; fileEncoding = 4; lastKnownFileType = sourcecode.c.objc; path = SWCellScrollView.m; sourceTree = "<group>"; };
		CFE63B561A252CFE00764F97 /* SWLongPressGestureRecognizer.h */ = {isa = PBXFileReference; fileEncoding = 4; lastKnownFileType = sourcecode.c.h; path = SWLongPressGestureRecognizer.h; sourceTree = "<group>"; };
		CFE63B571A252CFE00764F97 /* SWLongPressGestureRecognizer.m */ = {isa = PBXFileReference; fileEncoding = 4; lastKnownFileType = sourcecode.c.objc; path = SWLongPressGestureRecognizer.m; sourceTree = "<group>"; };
		CFE63B581A252CFE00764F97 /* SWTableViewCell.h */ = {isa = PBXFileReference; fileEncoding = 4; lastKnownFileType = sourcecode.c.h; path = SWTableViewCell.h; sourceTree = "<group>"; };
		CFE63B591A252CFE00764F97 /* SWTableViewCell.m */ = {isa = PBXFileReference; fileEncoding = 4; lastKnownFileType = sourcecode.c.objc; path = SWTableViewCell.m; sourceTree = "<group>"; };
		CFE63B5A1A252CFE00764F97 /* SWUtilityButtonTapGestureRecognizer.h */ = {isa = PBXFileReference; fileEncoding = 4; lastKnownFileType = sourcecode.c.h; path = SWUtilityButtonTapGestureRecognizer.h; sourceTree = "<group>"; };
		CFE63B5B1A252CFE00764F97 /* SWUtilityButtonTapGestureRecognizer.m */ = {isa = PBXFileReference; fileEncoding = 4; lastKnownFileType = sourcecode.c.objc; path = SWUtilityButtonTapGestureRecognizer.m; sourceTree = "<group>"; };
		CFE63B5C1A252CFE00764F97 /* SWUtilityButtonView.h */ = {isa = PBXFileReference; fileEncoding = 4; lastKnownFileType = sourcecode.c.h; path = SWUtilityButtonView.h; sourceTree = "<group>"; };
		CFE63B5D1A252CFE00764F97 /* SWUtilityButtonView.m */ = {isa = PBXFileReference; fileEncoding = 4; lastKnownFileType = sourcecode.c.objc; path = SWUtilityButtonView.m; sourceTree = "<group>"; };
		CFE63B5F1A252CFE00764F97 /* QRadioButton.h */ = {isa = PBXFileReference; fileEncoding = 4; lastKnownFileType = sourcecode.c.h; path = QRadioButton.h; sourceTree = "<group>"; };
		CFE63B601A252CFE00764F97 /* QRadioButton.m */ = {isa = PBXFileReference; fileEncoding = 4; lastKnownFileType = sourcecode.c.objc; path = QRadioButton.m; sourceTree = "<group>"; };
		CFE63B611A252CFE00764F97 /* radio_checked.png */ = {isa = PBXFileReference; lastKnownFileType = image.png; path = radio_checked.png; sourceTree = "<group>"; };
		CFE63B621A252CFE00764F97 /* radio_checked@2x.png */ = {isa = PBXFileReference; lastKnownFileType = image.png; path = "radio_checked@2x.png"; sourceTree = "<group>"; };
		CFE63B631A252CFE00764F97 /* radio_unchecked.png */ = {isa = PBXFileReference; lastKnownFileType = image.png; path = radio_unchecked.png; sourceTree = "<group>"; };
		CFE63B641A252CFE00764F97 /* radio_unchecked@2x.png */ = {isa = PBXFileReference; lastKnownFileType = image.png; path = "radio_unchecked@2x.png"; sourceTree = "<group>"; };
		CFE63B651A252CFE00764F97 /* radio_checked@2x.psd */ = {isa = PBXFileReference; lastKnownFileType = file; path = "radio_checked@2x.psd"; sourceTree = "<group>"; };
		CFE63B661A252CFE00764F97 /* SwipeableCellTableViewCell.h */ = {isa = PBXFileReference; fileEncoding = 4; lastKnownFileType = sourcecode.c.h; path = SwipeableCellTableViewCell.h; sourceTree = "<group>"; };
		CFE63B671A252CFE00764F97 /* SwipeableCellTableViewCell.m */ = {isa = PBXFileReference; fileEncoding = 4; lastKnownFileType = sourcecode.c.objc; path = SwipeableCellTableViewCell.m; sourceTree = "<group>"; };
		CFE63B681A252CFE00764F97 /* UMTableViewCell.h */ = {isa = PBXFileReference; fileEncoding = 4; lastKnownFileType = sourcecode.c.h; path = UMTableViewCell.h; sourceTree = "<group>"; };
		CFE63B691A252CFE00764F97 /* UMTableViewCell.m */ = {isa = PBXFileReference; fileEncoding = 4; lastKnownFileType = sourcecode.c.objc; path = UMTableViewCell.m; sourceTree = "<group>"; };
		EC1B44DB17155C0F00677C18 /* UIActionSheet+BlockExtensions.h */ = {isa = PBXFileReference; fileEncoding = 4; lastKnownFileType = sourcecode.c.h; path = "UIActionSheet+BlockExtensions.h"; sourceTree = "<group>"; };
		EC1B44DC17155C0F00677C18 /* UIActionSheet+BlockExtensions.m */ = {isa = PBXFileReference; fileEncoding = 4; lastKnownFileType = sourcecode.c.objc; path = "UIActionSheet+BlockExtensions.m"; sourceTree = "<group>"; };
		EC1B44DD17155C0F00677C18 /* UIAlertView+BlockExtensions.h */ = {isa = PBXFileReference; fileEncoding = 4; lastKnownFileType = sourcecode.c.h; path = "UIAlertView+BlockExtensions.h"; sourceTree = "<group>"; };
		EC1B44DE17155C0F00677C18 /* UIAlertView+BlockExtensions.m */ = {isa = PBXFileReference; fileEncoding = 4; lastKnownFileType = sourcecode.c.objc; path = "UIAlertView+BlockExtensions.m"; sourceTree = "<group>"; };
		EC9965FF1716FFC5007DCFEC /* EventKitUI.framework */ = {isa = PBXFileReference; lastKnownFileType = wrapper.framework; name = EventKitUI.framework; path = System/Library/Frameworks/EventKitUI.framework; sourceTree = SDKROOT; };
		ECB71483170AAC4700ED52A1 /* WeeklyPlaningViewController.h */ = {isa = PBXFileReference; fileEncoding = 4; lastKnownFileType = sourcecode.c.h; path = WeeklyPlaningViewController.h; sourceTree = "<group>"; };
		ECB71484170AAC4700ED52A1 /* WeeklyPlaningViewController.m */ = {isa = PBXFileReference; fileEncoding = 4; lastKnownFileType = sourcecode.c.objc; path = WeeklyPlaningViewController.m; sourceTree = "<group>"; };
		ECCF3833170D35BD002D7F37 /* SchedulePrioritiesViewController.h */ = {isa = PBXFileReference; fileEncoding = 4; lastKnownFileType = sourcecode.c.h; path = SchedulePrioritiesViewController.h; sourceTree = "<group>"; };
		ECCF3834170D35BD002D7F37 /* SchedulePrioritiesViewController.m */ = {isa = PBXFileReference; fileEncoding = 4; lastKnownFileType = sourcecode.c.objc; path = SchedulePrioritiesViewController.m; sourceTree = "<group>"; };
		ECD7B833170E976300044351 /* EventKit.framework */ = {isa = PBXFileReference; lastKnownFileType = wrapper.framework; name = EventKit.framework; path = System/Library/Frameworks/EventKit.framework; sourceTree = SDKROOT; };
		ECF3E9A6171942E1007A23F3 /* Role.h */ = {isa = PBXFileReference; fileEncoding = 4; lastKnownFileType = sourcecode.c.h; path = Role.h; sourceTree = "<group>"; };
		ECF3E9A7171942E1007A23F3 /* Role.m */ = {isa = PBXFileReference; fileEncoding = 4; lastKnownFileType = sourcecode.c.objc; path = Role.m; sourceTree = "<group>"; };
		ECF3E9AC1719449B007A23F3 /* SetPrioritiesViewController.h */ = {isa = PBXFileReference; fileEncoding = 4; lastKnownFileType = sourcecode.c.h; path = SetPrioritiesViewController.h; sourceTree = "<group>"; };
		ECF3E9AD1719449B007A23F3 /* SetPrioritiesViewController.m */ = {isa = PBXFileReference; fileEncoding = 4; lastKnownFileType = sourcecode.c.objc; path = SetPrioritiesViewController.m; sourceTree = "<group>"; };
		ECF3E9AF17195B78007A23F3 /* SetPrioritiesDetailViewController.h */ = {isa = PBXFileReference; fileEncoding = 4; lastKnownFileType = sourcecode.c.h; path = SetPrioritiesDetailViewController.h; sourceTree = "<group>"; };
		ECF3E9B017195B79007A23F3 /* SetPrioritiesDetailViewController.m */ = {isa = PBXFileReference; fileEncoding = 4; lastKnownFileType = sourcecode.c.objc; path = SetPrioritiesDetailViewController.m; sourceTree = "<group>"; };
		ECF3E9B217197239007A23F3 /* Task.h */ = {isa = PBXFileReference; fileEncoding = 4; lastKnownFileType = sourcecode.c.h; path = Task.h; sourceTree = "<group>"; };
		ECF3E9B31719723A007A23F3 /* Task.m */ = {isa = PBXFileReference; fileEncoding = 4; lastKnownFileType = sourcecode.c.objc; path = Task.m; sourceTree = "<group>"; };
		ECF3E9B91719AE36007A23F3 /* Config.h */ = {isa = PBXFileReference; fileEncoding = 4; lastKnownFileType = sourcecode.c.h; path = Config.h; sourceTree = "<group>"; };
/* End PBXFileReference section */

/* Begin PBXFrameworksBuildPhase section */
		A966D65916F994A600ABE6C3 /* Frameworks */ = {
			isa = PBXFrameworksBuildPhase;
			buildActionMask = 2147483647;
			files = (
				EC9966001716FFC5007DCFEC /* EventKitUI.framework in Frameworks */,
				ECD7B834170E976300044351 /* EventKit.framework in Frameworks */,
				A933631D170990C600305F73 /* QuartzCore.framework in Frameworks */,
				A91F9DDF16FC374F005160AB /* CoreData.framework in Frameworks */,
				A966D66016F994A600ABE6C3 /* UIKit.framework in Frameworks */,
				6EAD1B9719CF50C0005A8663 /* CloudKit.framework in Frameworks */,
				A966D66216F994A600ABE6C3 /* Foundation.framework in Frameworks */,
				A966D66416F994A600ABE6C3 /* CoreGraphics.framework in Frameworks */,
			);
			runOnlyForDeploymentPostprocessing = 0;
		};
/* End PBXFrameworksBuildPhase section */

/* Begin PBXGroup section */
		5E80AA5017AB7E520036E6FC /* Images */ = {
			isa = PBXGroup;
			children = (
				5E80AA5B17AB84BC0036E6FC /* pro-30.png */,
				5E80AA5F17AB85290036E6FC /* star-30.png */,
				5E8C620A17B37D920062C7FF /* bulb-30.png */,
				5E8C61F417B36C3E0062C7FF /* 57.png */,
				5E8C620417B372D40062C7FF /* bulls_eye_30.png */,
				5E8C61F517B36C3E0062C7FF /* 114.png */,
				5E80AA6317AB85E80036E6FC /* cal-30.png */,
				5E80AA5D17AB84E80036E6FC /* pro-40.png */,
			);
			name = Images;
			sourceTree = "<group>";
		};
		8205AD061992AA0C00981C7E /* Loader */ = {
			isa = PBXGroup;
			children = (
				8205AD071992B27F00981C7E /* MBProgressHUD.h */,
				8205AD081992B27F00981C7E /* MBProgressHUD.m */,
			);
			name = Loader;
			sourceTree = "<group>";
		};
		A91F9DD716FC2CDF005160AB /* Data */ = {
			isa = PBXGroup;
			children = (
				8242088F198EC90C00943C32 /* CoreDataImporter.h */,
				82420890198EC90C00943C32 /* CoreDataImporter.m */,
				82756A07198EB75E0088C272 /* Faulter.h */,
				82756A08198EB75E0088C272 /* Faulter.m */,
				82756A04198EB6640088C272 /* Deduplicator.m */,
				82756A05198EB6640088C272 /* Deduplicator.h */,
				ECF3E9B217197239007A23F3 /* Task.h */,
				ECF3E9B31719723A007A23F3 /* Task.m */,
				5E8B18AD17B0ECAF0054ED7E /* Goal.h */,
				5E8B18AE17B0ECAF0054ED7E /* Goal.m */,
				A91F9DD816FC2D2A005160AB /* lifebalancer.xcdatamodeld */,
				ECF3E9A6171942E1007A23F3 /* Role.h */,
				ECF3E9A7171942E1007A23F3 /* Role.m */,
				A91F9DDB16FC2FBC005160AB /* Mission.h */,
				A91F9DDC16FC2FBC005160AB /* Mission.m */,
				A91F9DE016FC4073005160AB /* lifebalancer.sqlite */,
				A983F8F717005C9B009E8E3B /* DataAdapter.h */,
				A983F8F817005C9B009E8E3B /* DataAdapter.m */,
				A9BDB39617055A9E0008E2D2 /* Role+Cutomable.h */,
				A9BDB39717055A9E0008E2D2 /* Role+Cutomable.m */,
			);
			path = Data;
			sourceTree = "<group>";
		};
		A93610BF1712D73B00DD4C1C /* Library */ = {
			isa = PBXGroup;
			children = (
				CFE63B511A252CFE00764F97 /* PodFiles */,
				CFE63B5E1A252CFE00764F97 /* QRadioButton */,
				CFE63B661A252CFE00764F97 /* SwipeableCellTableViewCell.h */,
				CFE63B671A252CFE00764F97 /* SwipeableCellTableViewCell.m */,
				CFE63B681A252CFE00764F97 /* UMTableViewCell.h */,
				CFE63B691A252CFE00764F97 /* UMTableViewCell.m */,
				A93610C01712D73B00DD4C1C /* BlockAlertAction */,
			);
			path = Library;
			sourceTree = "<group>";
		};
		A93610C01712D73B00DD4C1C /* BlockAlertAction */ = {
			isa = PBXGroup;
			children = (
				EC1B44DB17155C0F00677C18 /* UIActionSheet+BlockExtensions.h */,
				EC1B44DC17155C0F00677C18 /* UIActionSheet+BlockExtensions.m */,
				EC1B44DD17155C0F00677C18 /* UIAlertView+BlockExtensions.h */,
				EC1B44DE17155C0F00677C18 /* UIAlertView+BlockExtensions.m */,
			);
			path = BlockAlertAction;
			sourceTree = "<group>";
		};
		A95C3AFB16FAD35800206D0C /* ViewControllers */ = {
			isa = PBXGroup;
			children = (
				1AC508101A5C44DC00BB377A /* SelectedTabBarController.h */,
				1AC508111A5C44DC00BB377A /* SelectedTabBarController.m */,
				B17330A91A12912700DFD0F7 /* UTTableViewCell.h */,
				B17330AA1A12912700DFD0F7 /* UTTableViewCell.m */,
				A95C3AFC16FAD39600206D0C /* MissionViewController.h */,
				A95C3AFD16FAD39600206D0C /* MissionViewController.m */,
				A95C3AFF16FAD3D800206D0C /* HomeViewController.h */,
				A95C3B0016FAD3D800206D0C /* HomeViewController.m */,
				A9007E5316FC5D9B00B20701 /* RoleViewController.h */,
				A9007E5416FC5D9B00B20701 /* RoleViewController.m */,
				A936C9E3170315CD0080890F /* RoleDetailViewController.m */,
				A936C9E2170315CD0080890F /* RoleDetailViewController.h */,
				A94A7D041704282500B3F414 /* GoalViewController.h */,
				A94A7D051704282500B3F414 /* GoalViewController.m */,
				A94A7D0717044DD000B3F414 /* GoalDetailViewController.h */,
				A94A7D0817044DD000B3F414 /* GoalDetailViewController.m */,
				B1B0C59B1A0FF3D8006194F7 /* customtextfield.h */,
				B1B0C59C1A0FF3D8006194F7 /* customtextfield.m */,
				ECB71483170AAC4700ED52A1 /* WeeklyPlaningViewController.h */,
				ECB71484170AAC4700ED52A1 /* WeeklyPlaningViewController.m */,
				ECCF3833170D35BD002D7F37 /* SchedulePrioritiesViewController.h */,
				ECCF3834170D35BD002D7F37 /* SchedulePrioritiesViewController.m */,
				ECF3E9AC1719449B007A23F3 /* SetPrioritiesViewController.h */,
				ECF3E9AD1719449B007A23F3 /* SetPrioritiesViewController.m */,
				B17330A61A121E9600DFD0F7 /* CCustomButton.h */,
				B17330A71A121E9600DFD0F7 /* CCustomButton.m */,
				ECF3E9AF17195B78007A23F3 /* SetPrioritiesDetailViewController.h */,
				ECF3E9B017195B79007A23F3 /* SetPrioritiesDetailViewController.m */,
				5EBD813017AA3006002D2B20 /* HomeTempViewController.h */,
				5EBD813117AA3006002D2B20 /* HomeTempViewController.m */,
				5EAA998117AA447A008BC1C5 /* GoalTempViewController.h */,
				5EAA998217AA447B008BC1C5 /* GoalTempViewController.m */,
			);
			path = ViewControllers;
			sourceTree = "<group>";
		};
		A966D65316F994A600ABE6C3 = {
			isa = PBXGroup;
			children = (
				B1B1EBBC1A11480F00967DCB /* QRadioFiles */,
				A966D66516F994A600ABE6C3 /* LifeBalancer */,
				A966D65E16F994A600ABE6C3 /* Frameworks */,
				A966D65D16F994A600ABE6C3 /* Products */,
			);
			sourceTree = "<group>";
			usesTabs = 1;
			wrapsLines = 0;
		};
		A966D65D16F994A600ABE6C3 /* Products */ = {
			isa = PBXGroup;
			children = (
				A966D65C16F994A600ABE6C3 /* LifeBalancer.app */,
			);
			name = Products;
			sourceTree = "<group>";
		};
		A966D65E16F994A600ABE6C3 /* Frameworks */ = {
			isa = PBXGroup;
			children = (
				6EAD1B9619CF50C0005A8663 /* CloudKit.framework */,
				EC9965FF1716FFC5007DCFEC /* EventKitUI.framework */,
				ECD7B833170E976300044351 /* EventKit.framework */,
				A933631C170990C600305F73 /* QuartzCore.framework */,
				A91F9DDE16FC374F005160AB /* CoreData.framework */,
				A966D65F16F994A600ABE6C3 /* UIKit.framework */,
				A966D66116F994A600ABE6C3 /* Foundation.framework */,
				A966D66316F994A600ABE6C3 /* CoreGraphics.framework */,
			);
			name = Frameworks;
			sourceTree = "<group>";
		};
		A966D66516F994A600ABE6C3 /* LifeBalancer */ = {
			isa = PBXGroup;
			children = (
				8205AD061992AA0C00981C7E /* Loader */,
				828F07C9198524D800267D48 /* LifeBalancer.entitlements */,
				5E80AA5017AB7E520036E6FC /* Images */,
				ECF3E9B81719ADCF007A23F3 /* Util */,
				A93610BF1712D73B00DD4C1C /* Library */,
				A91F9DD716FC2CDF005160AB /* Data */,
				A95C3AFB16FAD35800206D0C /* ViewControllers */,
				A966D66E16F994A600ABE6C3 /* AppDelegate.h */,
				A966D66F16F994A600ABE6C3 /* AppDelegate.m */,
				A966D67716F994A600ABE6C3 /* MainStoryboard.storyboard */,
				6E5574971954FACB0012E1BB /* Images.xcassets */,
				A966D66616F994A600ABE6C3 /* Supporting Files */,
			);
			path = LifeBalancer;
			sourceTree = "<group>";
		};
		A966D66616F994A600ABE6C3 /* Supporting Files */ = {
			isa = PBXGroup;
			children = (
				A966D67116F994A600ABE6C3 /* Default.png */,
				A966D66716F994A600ABE6C3 /* LifeBalancer-Info.plist */,
				A966D66816F994A600ABE6C3 /* InfoPlist.strings */,
				A966D66B16F994A600ABE6C3 /* main.m */,
				A966D66D16F994A600ABE6C3 /* LifeBalancer-Prefix.pch */,
				A966D67316F994A600ABE6C3 /* Default@2x.png */,
				A966D67516F994A600ABE6C3 /* Default-568h@2x.png */,
			);
			name = "Supporting Files";
			sourceTree = "<group>";
		};
		B1B1EBBC1A11480F00967DCB /* QRadioFiles */ = {
			isa = PBXGroup;
			children = (
				6E55749F1954FEA60012E1BB /* Default-568h@2x.png */,
				6E55749D1954FCEB0012E1BB /* splash-640x960.png */,
				6E55749B1954FCB80012E1BB /* splash-640x1136.png */,
				6E5574951954FA930012E1BB /* 58.png */,
				6E5574931954FA5F0012E1BB /* 80.png */,
				A90E68B6189FEE6A00404D29 /* 120.png */,
			);
			name = QRadioFiles;
			sourceTree = "<group>";
		};
		CFE63B511A252CFE00764F97 /* PodFiles */ = {
			isa = PBXGroup;
			children = (
				CFE63B521A252CFE00764F97 /* NSMutableArray+SWUtilityButtons.h */,
				CFE63B531A252CFE00764F97 /* NSMutableArray+SWUtilityButtons.m */,
				CFE63B541A252CFE00764F97 /* SWCellScrollView.h */,
				CFE63B551A252CFE00764F97 /* SWCellScrollView.m */,
				CFE63B561A252CFE00764F97 /* SWLongPressGestureRecognizer.h */,
				CFE63B571A252CFE00764F97 /* SWLongPressGestureRecognizer.m */,
				CFE63B581A252CFE00764F97 /* SWTableViewCell.h */,
				CFE63B591A252CFE00764F97 /* SWTableViewCell.m */,
				CFE63B5A1A252CFE00764F97 /* SWUtilityButtonTapGestureRecognizer.h */,
				CFE63B5B1A252CFE00764F97 /* SWUtilityButtonTapGestureRecognizer.m */,
				CFE63B5C1A252CFE00764F97 /* SWUtilityButtonView.h */,
				CFE63B5D1A252CFE00764F97 /* SWUtilityButtonView.m */,
			);
			path = PodFiles;
			sourceTree = "<group>";
		};
		CFE63B5E1A252CFE00764F97 /* QRadioButton */ = {
			isa = PBXGroup;
			children = (
				CFE63B5F1A252CFE00764F97 /* QRadioButton.h */,
				CFE63B601A252CFE00764F97 /* QRadioButton.m */,
				CFE63B611A252CFE00764F97 /* radio_checked.png */,
				CFE63B621A252CFE00764F97 /* radio_checked@2x.png */,
				CFE63B631A252CFE00764F97 /* radio_unchecked.png */,
				CFE63B641A252CFE00764F97 /* radio_unchecked@2x.png */,
				CFE63B651A252CFE00764F97 /* radio_checked@2x.psd */,
			);
			path = QRadioButton;
			sourceTree = "<group>";
		};
		ECF3E9B81719ADCF007A23F3 /* Util */ = {
			isa = PBXGroup;
			children = (
				ECF3E9B91719AE36007A23F3 /* Config.h */,
				1AC9EA9F1AC96D13002CF0E8 /* Common.h */,
				1AC9EAA01AC96D13002CF0E8 /* Common.m */,
			);
			name = Util;
			sourceTree = "<group>";
		};
/* End PBXGroup section */

/* Begin PBXNativeTarget section */
		A966D65B16F994A600ABE6C3 /* LifeBalancer */ = {
			isa = PBXNativeTarget;
			buildConfigurationList = A966D67F16F994A600ABE6C3 /* Build configuration list for PBXNativeTarget "LifeBalancer" */;
			buildPhases = (
				A966D65816F994A600ABE6C3 /* Sources */,
				A966D65916F994A600ABE6C3 /* Frameworks */,
				A966D65A16F994A600ABE6C3 /* Resources */,
			);
			buildRules = (
			);
			dependencies = (
			);
			name = LifeBalancer;
			productName = LifeBalancer;
			productReference = A966D65C16F994A600ABE6C3 /* LifeBalancer.app */;
			productType = "com.apple.product-type.application";
		};
/* End PBXNativeTarget section */

/* Begin PBXProject section */
		A966D65416F994A600ABE6C3 /* Project object */ = {
			isa = PBXProject;
			attributes = {
				LastUpgradeCheck = 0460;
				ORGANIZATIONNAME = Czarto;
				TargetAttributes = {
					A966D65B16F994A600ABE6C3 = {
						DevelopmentTeam = 75JA9J2CN3;
						SystemCapabilities = {
							com.apple.Keychain = {
								enabled = 1;
							};
							com.apple.iCloud = {
								enabled = 1;
							};
						};
					};
				};
			};
			buildConfigurationList = A966D65716F994A600ABE6C3 /* Build configuration list for PBXProject "LifeBalancer" */;
			compatibilityVersion = "Xcode 3.2";
			developmentRegion = English;
			hasScannedForEncodings = 0;
			knownRegions = (
				en,
			);
			mainGroup = A966D65316F994A600ABE6C3;
			productRefGroup = A966D65D16F994A600ABE6C3 /* Products */;
			projectDirPath = "";
			projectRoot = "";
			targets = (
				A966D65B16F994A600ABE6C3 /* LifeBalancer */,
			);
		};
/* End PBXProject section */

/* Begin PBXResourcesBuildPhase section */
		A966D65A16F994A600ABE6C3 /* Resources */ = {
			isa = PBXResourcesBuildPhase;
			buildActionMask = 2147483647;
			files = (
				A966D66A16F994A600ABE6C3 /* InfoPlist.strings in Resources */,
				6E5574961954FA930012E1BB /* 58.png in Resources */,
				A966D67216F994A600ABE6C3 /* Default.png in Resources */,
				CFE63B741A252CFE00764F97 /* radio_unchecked@2x.png in Resources */,
				6E55749C1954FCB80012E1BB /* splash-640x1136.png in Resources */,
				A966D67416F994A600ABE6C3 /* Default@2x.png in Resources */,
				A966D67916F994A600ABE6C3 /* MainStoryboard.storyboard in Resources */,
				CFE63B731A252CFE00764F97 /* radio_unchecked.png in Resources */,
				A91F9DE116FC4073005160AB /* lifebalancer.sqlite in Resources */,
				CFE63B751A252CFE00764F97 /* radio_checked@2x.psd in Resources */,
				6E5574941954FA5F0012E1BB /* 80.png in Resources */,
				CFE63B721A252CFE00764F97 /* radio_checked@2x.png in Resources */,
				CFE63B711A252CFE00764F97 /* radio_checked.png in Resources */,
				5E80AA5C17AB84BC0036E6FC /* pro-30.png in Resources */,
				5E80AA5E17AB84E80036E6FC /* pro-40.png in Resources */,
				5E80AA6017AB85290036E6FC /* star-30.png in Resources */,
				5E80AA6417AB85E80036E6FC /* cal-30.png in Resources */,
				5E8C61F617B36C3E0062C7FF /* 57.png in Resources */,
				6E5574A01954FEA60012E1BB /* Default-568h@2x.png in Resources */,
				5E8C61F717B36C3E0062C7FF /* 114.png in Resources */,
				6E5574981954FACB0012E1BB /* Images.xcassets in Resources */,
				6E55749E1954FCEC0012E1BB /* splash-640x960.png in Resources */,
				5E8C620517B372D40062C7FF /* bulls_eye_30.png in Resources */,
				5E8C620B17B37D920062C7FF /* bulb-30.png in Resources */,
				A90E68B7189FEE6A00404D29 /* 120.png in Resources */,
			);
			runOnlyForDeploymentPostprocessing = 0;
		};
/* End PBXResourcesBuildPhase section */

/* Begin PBXSourcesBuildPhase section */
		A966D65816F994A600ABE6C3 /* Sources */ = {
			isa = PBXSourcesBuildPhase;
			buildActionMask = 2147483647;
			files = (
				1AC9EAA11AC96D13002CF0E8 /* Common.m in Sources */,
				A966D66C16F994A600ABE6C3 /* main.m in Sources */,
				A966D67016F994A600ABE6C3 /* AppDelegate.m in Sources */,
				A95C3AFE16FAD39600206D0C /* MissionViewController.m in Sources */,
				CFE63B701A252CFE00764F97 /* QRadioButton.m in Sources */,
				A95C3B0116FAD3D800206D0C /* HomeViewController.m in Sources */,
				82420891198EC90C00943C32 /* CoreDataImporter.m in Sources */,
				A91F9DDA16FC2D2A005160AB /* lifebalancer.xcdatamodeld in Sources */,
				A91F9DDD16FC2FBC005160AB /* Mission.m in Sources */,
				B17330AB1A12912700DFD0F7 /* UTTableViewCell.m in Sources */,
				CFE63B6C1A252CFE00764F97 /* SWLongPressGestureRecognizer.m in Sources */,
				A9007E5516FC5D9B00B20701 /* RoleViewController.m in Sources */,
				8205AD091992B27F00981C7E /* MBProgressHUD.m in Sources */,
				A983F8F917005C9B009E8E3B /* DataAdapter.m in Sources */,
				A936C9E4170315CD0080890F /* RoleDetailViewController.m in Sources */,
				A94A7D061704282500B3F414 /* GoalViewController.m in Sources */,
				A94A7D0917044DD000B3F414 /* GoalDetailViewController.m in Sources */,
				CFE63B6A1A252CFE00764F97 /* NSMutableArray+SWUtilityButtons.m in Sources */,
				CFE63B771A252CFE00764F97 /* UMTableViewCell.m in Sources */,
				A9BDB39817055A9E0008E2D2 /* Role+Cutomable.m in Sources */,
				ECB71485170AAC4700ED52A1 /* WeeklyPlaningViewController.m in Sources */,
				B1B0C59D1A0FF3D8006194F7 /* customtextfield.m in Sources */,
				ECCF3835170D35BD002D7F37 /* SchedulePrioritiesViewController.m in Sources */,
				82756A09198EB75E0088C272 /* Faulter.m in Sources */,
				82756A06198EB6640088C272 /* Deduplicator.m in Sources */,
				EC1B44DF17155C0F00677C18 /* UIActionSheet+BlockExtensions.m in Sources */,
				EC1B44E017155C0F00677C18 /* UIAlertView+BlockExtensions.m in Sources */,
				ECF3E9A8171942E1007A23F3 /* Role.m in Sources */,
				B17330A81A121E9600DFD0F7 /* CCustomButton.m in Sources */,
				ECF3E9AE1719449B007A23F3 /* SetPrioritiesViewController.m in Sources */,
				CFE63B6D1A252CFE00764F97 /* SWTableViewCell.m in Sources */,
				CFE63B6E1A252CFE00764F97 /* SWUtilityButtonTapGestureRecognizer.m in Sources */,
				ECF3E9B117195B7A007A23F3 /* SetPrioritiesDetailViewController.m in Sources */,
				ECF3E9B41719723A007A23F3 /* Task.m in Sources */,
				CFE63B6F1A252CFE00764F97 /* SWUtilityButtonView.m in Sources */,
				5EBD813217AA3006002D2B20 /* HomeTempViewController.m in Sources */,
				5EAA998317AA447B008BC1C5 /* GoalTempViewController.m in Sources */,
				1AC508121A5C44DC00BB377A /* SelectedTabBarController.m in Sources */,
				5E8B18AF17B0ECAF0054ED7E /* Goal.m in Sources */,
				CFE63B761A252CFE00764F97 /* SwipeableCellTableViewCell.m in Sources */,
				CFE63B6B1A252CFE00764F97 /* SWCellScrollView.m in Sources */,
			);
			runOnlyForDeploymentPostprocessing = 0;
		};
/* End PBXSourcesBuildPhase section */

/* Begin PBXVariantGroup section */
		A966D66816F994A600ABE6C3 /* InfoPlist.strings */ = {
			isa = PBXVariantGroup;
			children = (
				A966D66916F994A600ABE6C3 /* en */,
			);
			name = InfoPlist.strings;
			sourceTree = "<group>";
		};
		A966D67716F994A600ABE6C3 /* MainStoryboard.storyboard */ = {
			isa = PBXVariantGroup;
			children = (
				A966D67816F994A600ABE6C3 /* en */,
			);
			name = MainStoryboard.storyboard;
			sourceTree = "<group>";
		};
/* End PBXVariantGroup section */

/* Begin XCBuildConfiguration section */
		A966D67D16F994A600ABE6C3 /* Debug */ = {
			isa = XCBuildConfiguration;
			buildSettings = {
				ALWAYS_SEARCH_USER_PATHS = NO;
				CLANG_CXX_LANGUAGE_STANDARD = "gnu++0x";
				CLANG_CXX_LIBRARY = "libc++";
				CLANG_ENABLE_OBJC_ARC = YES;
				CLANG_WARN_CONSTANT_CONVERSION = YES;
				CLANG_WARN_EMPTY_BODY = YES;
				CLANG_WARN_ENUM_CONVERSION = YES;
				CLANG_WARN_INT_CONVERSION = YES;
				CLANG_WARN__DUPLICATE_METHOD_MATCH = YES;
				CODE_SIGN_IDENTITY = "iPhone Developer: Glenn Chiu (J67677K68Z)";
				"CODE_SIGN_IDENTITY[sdk=iphoneos*]" = "iPhone Developer: Glenn Chiu (J67677K68Z)";
				COPY_PHASE_STRIP = NO;
				GCC_C_LANGUAGE_STANDARD = gnu99;
				GCC_DYNAMIC_NO_PIC = NO;
				GCC_OPTIMIZATION_LEVEL = 0;
				GCC_PREPROCESSOR_DEFINITIONS = (
					"DEBUG=1",
					"$(inherited)",
				);
				GCC_SYMBOLS_PRIVATE_EXTERN = NO;
				GCC_WARN_ABOUT_RETURN_TYPE = YES;
				GCC_WARN_UNINITIALIZED_AUTOS = YES;
				GCC_WARN_UNUSED_VARIABLE = YES;
				IPHONEOS_DEPLOYMENT_TARGET = 7.1;
				ONLY_ACTIVE_ARCH = YES;
				PROVISIONING_PROFILE = "cbeb5acd-528c-400e-8a8a-8c9c3f8d09a6";
				"PROVISIONING_PROFILE[sdk=iphoneos*]" = "cbeb5acd-528c-400e-8a8a-8c9c3f8d09a6";
				SDKROOT = iphoneos;
			};
			name = Debug;
		};
		A966D67E16F994A600ABE6C3 /* Release */ = {
			isa = XCBuildConfiguration;
			buildSettings = {
				ALWAYS_SEARCH_USER_PATHS = NO;
				CLANG_CXX_LANGUAGE_STANDARD = "gnu++0x";
				CLANG_CXX_LIBRARY = "libc++";
				CLANG_ENABLE_OBJC_ARC = YES;
				CLANG_WARN_CONSTANT_CONVERSION = YES;
				CLANG_WARN_EMPTY_BODY = YES;
				CLANG_WARN_ENUM_CONVERSION = YES;
				CLANG_WARN_INT_CONVERSION = YES;
				CLANG_WARN__DUPLICATE_METHOD_MATCH = YES;
				CODE_SIGN_IDENTITY = "iPhone Developer: Glenn Chiu (J67677K68Z)";
				"CODE_SIGN_IDENTITY[sdk=iphoneos*]" = "iPhone Developer: Glenn Chiu (J67677K68Z)";
				COPY_PHASE_STRIP = YES;
				GCC_C_LANGUAGE_STANDARD = gnu99;
				GCC_WARN_ABOUT_RETURN_TYPE = YES;
				GCC_WARN_UNINITIALIZED_AUTOS = YES;
				GCC_WARN_UNUSED_VARIABLE = YES;
				IPHONEOS_DEPLOYMENT_TARGET = 7.1;
				OTHER_CFLAGS = "-DNS_BLOCK_ASSERTIONS=1";
				PROVISIONING_PROFILE = "cbeb5acd-528c-400e-8a8a-8c9c3f8d09a6";
				"PROVISIONING_PROFILE[sdk=iphoneos*]" = "cbeb5acd-528c-400e-8a8a-8c9c3f8d09a6";
				SDKROOT = iphoneos;
				VALIDATE_PRODUCT = YES;
			};
			name = Release;
		};
		A966D68016F994A600ABE6C3 /* Debug */ = {
			isa = XCBuildConfiguration;
			buildSettings = {
				ASSETCATALOG_COMPILER_APPICON_NAME = AppIcon;
				ASSETCATALOG_COMPILER_LAUNCHIMAGE_NAME = LaunchImage;
				CODE_SIGN_ENTITLEMENTS = LifeBalancer/LifeBalancer.entitlements;
				CODE_SIGN_IDENTITY = "iPhone Developer: Eugene Zozulia (67CPGBVQ2B)";
				"CODE_SIGN_IDENTITY[sdk=iphoneos*]" = "iPhone Developer: Eugene Zozulia (67CPGBVQ2B)";
				GCC_PRECOMPILE_PREFIX_HEADER = YES;
				GCC_PREFIX_HEADER = "LifeBalancer/LifeBalancer-Prefix.pch";
				INFOPLIST_FILE = "LifeBalancer/LifeBalancer-Info.plist";
				IPHONEOS_DEPLOYMENT_TARGET = 7.1;
				ONLY_ACTIVE_ARCH = YES;
				PRODUCT_NAME = "$(TARGET_NAME)";
				PROVISIONING_PROFILE = "";
				"PROVISIONING_PROFILE[sdk=iphoneos*]" = "";
				TARGETED_DEVICE_FAMILY = 1;
				WRAPPER_EXTENSION = app;
			};
			name = Debug;
		};
		A966D68116F994A600ABE6C3 /* Release */ = {
			isa = XCBuildConfiguration;
			buildSettings = {
				ASSETCATALOG_COMPILER_APPICON_NAME = AppIcon;
				ASSETCATALOG_COMPILER_LAUNCHIMAGE_NAME = LaunchImage;
				CODE_SIGN_ENTITLEMENTS = LifeBalancer/LifeBalancer.entitlements;
				CODE_SIGN_IDENTITY = "iPhone Developer: Eugene Zozulia (67CPGBVQ2B)";
				"CODE_SIGN_IDENTITY[sdk=iphoneos*]" = "iPhone Developer: Eugene Zozulia (67CPGBVQ2B)";
				GCC_PRECOMPILE_PREFIX_HEADER = YES;
				GCC_PREFIX_HEADER = "LifeBalancer/LifeBalancer-Prefix.pch";
				INFOPLIST_FILE = "LifeBalancer/LifeBalancer-Info.plist";
				IPHONEOS_DEPLOYMENT_TARGET = 7.1;
				ONLY_ACTIVE_ARCH = YES;
				PRODUCT_NAME = "$(TARGET_NAME)";
				PROVISIONING_PROFILE = "";
				"PROVISIONING_PROFILE[sdk=iphoneos*]" = "";
				TARGETED_DEVICE_FAMILY = 1;
				WRAPPER_EXTENSION = app;
			};
			name = Release;
		};
/* End XCBuildConfiguration section */

/* Begin XCConfigurationList section */
		A966D65716F994A600ABE6C3 /* Build configuration list for PBXProject "LifeBalancer" */ = {
			isa = XCConfigurationList;
			buildConfigurations = (
				A966D67D16F994A600ABE6C3 /* Debug */,
				A966D67E16F994A600ABE6C3 /* Release */,
			);
			defaultConfigurationIsVisible = 0;
			defaultConfigurationName = Release;
		};
		A966D67F16F994A600ABE6C3 /* Build configuration list for PBXNativeTarget "LifeBalancer" */ = {
			isa = XCConfigurationList;
			buildConfigurations = (
				A966D68016F994A600ABE6C3 /* Debug */,
				A966D68116F994A600ABE6C3 /* Release */,
			);
			defaultConfigurationIsVisible = 0;
			defaultConfigurationName = Release;
		};
/* End XCConfigurationList section */

/* Begin XCVersionGroup section */
		A91F9DD816FC2D2A005160AB /* lifebalancer.xcdatamodeld */ = {
			isa = XCVersionGroup;
			children = (
				1AB14B9A1ABC814200E1E575 /* lifebalancer 3.xcdatamodel */,
				5E8B18B017B0EE7B0054ED7E /* lifebalancer 2.xcdatamodel */,
				A91F9DD916FC2D2A005160AB /* lifebalancer.xcdatamodel */,
			);
			currentVersion = 1AB14B9A1ABC814200E1E575 /* lifebalancer 3.xcdatamodel */;
			path = lifebalancer.xcdatamodeld;
			sourceTree = "<group>";
			versionGroupType = wrapper.xcdatamodel;
		};
/* End XCVersionGroup section */
	};
	rootObject = A966D65416F994A600ABE6C3 /* Project object */;
}
